
Microsoft Visual Studio Solution File, Format Version 12.00
# Visual Studio Version 16
VisualStudioVersion = 25.0.1706.14
MinimumVisualStudioVersion = 10.0.40219.1
Project("{FAE04EC0-301F-11D3-BF4B-00C04F79EFBC}") = "TP_MODUL_4_103022300056", "TP_MODUL_4_103022300056\TP_MODUL_4_103022300056.csproj", "{281AA2A6-E9BC-4D9F-8950-5200D5E39B07}"
EndProject
Global
	GlobalSection(SolutionConfigurationPlatforms) = preSolution
		Debug|Any CPU = Debug|Any CPU
		Release|Any CPU = Release|Any CPU
	EndGlobalSection
	GlobalSection(ProjectConfigurationPlatforms) = postSolution
		{281AA2A6-E9BC-4D9F-8950-5200D5E39B07}.Debug|Any CPU.ActiveCfg = Debug|Any CPU
		{281AA2A6-E9BC-4D9F-8950-5200D5E39B07}.Debug|Any CPU.Build.0 = Debug|Any CPU
		{281AA2A6-E9BC-4D9F-8950-5200D5E39B07}.Release|Any CPU.ActiveCfg = Release|Any CPU
		{281AA2A6-E9BC-4D9F-8950-5200D5E39B07}.Release|Any CPU.Build.0 = Release|Any CPU
	EndGlobalSection
	GlobalSection(SolutionProperties) = preSolution
		HideSolutionNode = FALSE
	EndGlobalSection
	GlobalSection(ExtensibilityGlobals) = postSolution
		SolutionGuid = {10510EBA-93D2-45A3-B74A-83759FFB4DF2}
	EndGlobalSection
EndGlobal
